
Microsoft Visual Studio Solution File, Format Version 12.00
# Visual Studio Version 16
VisualStudioVersion = 25.0.1704.0
MinimumVisualStudioVersion = 10.0.40219.1
Project("{FAE04EC0-301F-11D3-BF4B-00C04F79EFBC}") = "nuberGuessing", "nuberGuessing.csproj", "{06BF1F44-3F62-4454-A032-0C7F04BF1714}"
EndProject
Global
	GlobalSection(SolutionConfigurationPlatforms) = preSolution
		Debug|Any CPU = Debug|Any CPU
		Release|Any CPU = Release|Any CPU
	EndGlobalSection
	GlobalSection(ProjectConfigurationPlatforms) = postSolution
		{06BF1F44-3F62-4454-A032-0C7F04BF1714}.Debug|Any CPU.ActiveCfg = Debug|Any CPU
		{06BF1F44-3F62-4454-A032-0C7F04BF1714}.Debug|Any CPU.Build.0 = Debug|Any CPU
		{06BF1F44-3F62-4454-A032-0C7F04BF1714}.Release|Any CPU.ActiveCfg = Release|Any CPU
		{06BF1F44-3F62-4454-A032-0C7F04BF1714}.Release|Any CPU.Build.0 = Release|Any CPU
	EndGlobalSection
	GlobalSection(SolutionProperties) = preSolution
		HideSolutionNode = FALSE
	EndGlobalSection
	GlobalSection(ExtensibilityGlobals) = postSolution
		SolutionGuid = {C008458D-3E97-4ECA-A720-785CEB5702E7}
	EndGlobalSection
EndGlobal
