
Microsoft Visual Studio Solution File, Format Version 12.00
# Visual Studio Version 16
VisualStudioVersion = 25.0.1704.0
MinimumVisualStudioVersion = 10.0.40219.1
Project("{FAE04EC0-301F-11D3-BF4B-00C04F79EFBC}") = "newProject", "newProject\newProject.csproj", "{5681F20C-CC8F-494D-AC74-9F74011AB3B3}"
EndProject
Global
	GlobalSection(SolutionConfigurationPlatforms) = preSolution
		Debug|Any CPU = Debug|Any CPU
		Release|Any CPU = Release|Any CPU
	EndGlobalSection
	GlobalSection(ProjectConfigurationPlatforms) = postSolution
		{5681F20C-CC8F-494D-AC74-9F74011AB3B3}.Debug|Any CPU.ActiveCfg = Debug|Any CPU
		{5681F20C-CC8F-494D-AC74-9F74011AB3B3}.Debug|Any CPU.Build.0 = Debug|Any CPU
		{5681F20C-CC8F-494D-AC74-9F74011AB3B3}.Release|Any CPU.ActiveCfg = Release|Any CPU
		{5681F20C-CC8F-494D-AC74-9F74011AB3B3}.Release|Any CPU.Build.0 = Release|Any CPU
	EndGlobalSection
	GlobalSection(SolutionProperties) = preSolution
		HideSolutionNode = FALSE
	EndGlobalSection
	GlobalSection(ExtensibilityGlobals) = postSolution
		SolutionGuid = {D814EB8E-676E-4430-A6C6-C13174A4072C}
	EndGlobalSection
EndGlobal
